// !$*UTF8*$!
{
	archiveVersion = 1;
	classes = {
	};
	objectVersion = 56;
	objects = {

/* Begin PBXBuildFile section */
		BD020F312A67274200B29897 /* SecondView.swift in Sources */ = {isa = PBXBuildFile; fileRef = BD020F302A67274100B29897 /* SecondView.swift */; };
		BD020F332A6728F200B29897 /* ThirdView.swift in Sources */ = {isa = PBXBuildFile; fileRef = BD020F322A6728F200B29897 /* ThirdView.swift */; };
		BD020F352A67299600B29897 /* FourthView.swift in Sources */ = {isa = PBXBuildFile; fileRef = BD020F342A67299600B29897 /* FourthView.swift */; };
		BD020F372A672BF700B29897 /* FifthView.swift in Sources */ = {isa = PBXBuildFile; fileRef = BD020F362A672BF700B29897 /* FifthView.swift */; };
		BD5885D42A6AF2E0006EDC5B /* Chewy-Regular.ttf in Resources */ = {isa = PBXBuildFile; fileRef = BD5885D32A6AF2E0006EDC5B /* Chewy-Regular.ttf */; };
		BDB329532A67115400B10CF7 /* start_pageApp.swift in Sources */ = {isa = PBXBuildFile; fileRef = BDB329522A67115400B10CF7 /* start_pageApp.swift */; };
		BDB329552A67115400B10CF7 /* ContentView.swift in Sources */ = {isa = PBXBuildFile; fileRef = BDB329542A67115400B10CF7 /* ContentView.swift */; };
		BDB329572A67115500B10CF7 /* Assets.xcassets in Resources */ = {isa = PBXBuildFile; fileRef = BDB329562A67115500B10CF7 /* Assets.xcassets */; };
		BDB3295A2A67115500B10CF7 /* Preview Assets.xcassets in Resources */ = {isa = PBXBuildFile; fileRef = BDB329592A67115500B10CF7 /* Preview Assets.xcassets */; };
		BDC75E442A69B7AA009A461F /* beaches.swift in Sources */ = {isa = PBXBuildFile; fileRef = BDC75E432A69B7AA009A461F /* beaches.swift */; };
		BDC75E482A69B7DF009A461F /* picnics.swift in Sources */ = {isa = PBXBuildFile; fileRef = BDC75E472A69B7DF009A461F /* picnics.swift */; };
		BDC75E4A2A69B7EF009A461F /* volunteering.swift in Sources */ = {isa = PBXBuildFile; fileRef = BDC75E492A69B7EF009A461F /* volunteering.swift */; };
		BDF71E8F2A69CE0500767B7D /* parks.swift in Sources */ = {isa = PBXBuildFile; fileRef = BDF71E8E2A69CE0500767B7D /* parks.swift */; };
/* End PBXBuildFile section */

/* Begin PBXFileReference section */
		BD020F302A67274100B29897 /* SecondView.swift */ = {isa = PBXFileReference; lastKnownFileType = sourcecode.swift; path = SecondView.swift; sourceTree = "<group>"; };
		BD020F322A6728F200B29897 /* ThirdView.swift */ = {isa = PBXFileReference; lastKnownFileType = sourcecode.swift; path = ThirdView.swift; sourceTree = "<group>"; };
		BD020F342A67299600B29897 /* FourthView.swift */ = {isa = PBXFileReference; lastKnownFileType = sourcecode.swift; path = FourthView.swift; sourceTree = "<group>"; };
		BD020F362A672BF700B29897 /* FifthView.swift */ = {isa = PBXFileReference; lastKnownFileType = sourcecode.swift; path = FifthView.swift; sourceTree = "<group>"; };
		BD5885D32A6AF2E0006EDC5B /* Chewy-Regular.ttf */ = {isa = PBXFileReference; lastKnownFileType = file; path = "Chewy-Regular.ttf"; sourceTree = "<group>"; };
		BD5885D52A6AF303006EDC5B /* start-page-Info.plist */ = {isa = PBXFileReference; lastKnownFileType = text.plist; path = "start-page-Info.plist"; sourceTree = SOURCE_ROOT; };
		BDB3294F2A67115400B10CF7 /* start page.app */ = {isa = PBXFileReference; explicitFileType = wrapper.application; includeInIndex = 0; path = "start page.app"; sourceTree = BUILT_PRODUCTS_DIR; };
		BDB329522A67115400B10CF7 /* start_pageApp.swift */ = {isa = PBXFileReference; lastKnownFileType = sourcecode.swift; path = start_pageApp.swift; sourceTree = "<group>"; };
		BDB329542A67115400B10CF7 /* ContentView.swift */ = {isa = PBXFileReference; lastKnownFileType = sourcecode.swift; path = ContentView.swift; sourceTree = "<group>"; };
		BDB329562A67115500B10CF7 /* Assets.xcassets */ = {isa = PBXFileReference; lastKnownFileType = folder.assetcatalog; path = Assets.xcassets; sourceTree = "<group>"; };
		BDB329592A67115500B10CF7 /* Preview Assets.xcassets */ = {isa = PBXFileReference; lastKnownFileType = folder.assetcatalog; path = "Preview Assets.xcassets"; sourceTree = "<group>"; };
		BDC75E432A69B7AA009A461F /* beaches.swift */ = {isa = PBXFileReference; lastKnownFileType = sourcecode.swift; path = beaches.swift; sourceTree = "<group>"; };
		BDC75E472A69B7DF009A461F /* picnics.swift */ = {isa = PBXFileReference; lastKnownFileType = sourcecode.swift; path = picnics.swift; sourceTree = "<group>"; };
		BDC75E492A69B7EF009A461F /* volunteering.swift */ = {isa = PBXFileReference; lastKnownFileType = sourcecode.swift; path = volunteering.swift; sourceTree = "<group>"; };
		BDF71E8E2A69CE0500767B7D /* parks.swift */ = {isa = PBXFileReference; lastKnownFileType = sourcecode.swift; path = parks.swift; sourceTree = "<group>"; };
/* End PBXFileReference section */

/* Begin PBXFrameworksBuildPhase section */
		BDB3294C2A67115400B10CF7 /* Frameworks */ = {
			isa = PBXFrameworksBuildPhase;
			buildActionMask = 2147483647;
			files = (
			);
			runOnlyForDeploymentPostprocessing = 0;
		};
/* End PBXFrameworksBuildPhase section */

/* Begin PBXGroup section */
		BD5885D22A6AF2AA006EDC5B /* addingFonts */ = {
			isa = PBXGroup;
			children = (
				BD5885D32A6AF2E0006EDC5B /* Chewy-Regular.ttf */,
			);
			path = addingFonts;
			sourceTree = "<group>";
		};
		BDB329462A67115300B10CF7 = {
			isa = PBXGroup;
			children = (
				BDB329512A67115400B10CF7 /* start page */,
				BDB329502A67115400B10CF7 /* Products */,
			);
			sourceTree = "<group>";
		};
		BDB329502A67115400B10CF7 /* Products */ = {
			isa = PBXGroup;
			children = (
				BDB3294F2A67115400B10CF7 /* start page.app */,
			);
			name = Products;
			sourceTree = "<group>";
		};
		BDB329512A67115400B10CF7 /* start page */ = {
			isa = PBXGroup;
			children = (
				BD5885D52A6AF303006EDC5B /* start-page-Info.plist */,
				BD5885D22A6AF2AA006EDC5B /* addingFonts */,
				BDB329522A67115400B10CF7 /* start_pageApp.swift */,
				BDB329542A67115400B10CF7 /* ContentView.swift */,
				BD020F302A67274100B29897 /* SecondView.swift */,
				BD020F362A672BF700B29897 /* FifthView.swift */,
				BD020F342A67299600B29897 /* FourthView.swift */,
				BDC75E472A69B7DF009A461F /* picnics.swift */,
				BDC75E492A69B7EF009A461F /* volunteering.swift */,
				BDF71E8E2A69CE0500767B7D /* parks.swift */,
				BDC75E432A69B7AA009A461F /* beaches.swift */,
				BD020F322A6728F200B29897 /* ThirdView.swift */,
				BDB329562A67115500B10CF7 /* Assets.xcassets */,
				BDB329582A67115500B10CF7 /* Preview Content */,
			);
			path = "start page";
			sourceTree = "<group>";
		};
		BDB329582A67115500B10CF7 /* Preview Content */ = {
			isa = PBXGroup;
			children = (
				BDB329592A67115500B10CF7 /* Preview Assets.xcassets */,
			);
			path = "Preview Content";
			sourceTree = "<group>";
		};
/* End PBXGroup section */

/* Begin PBXNativeTarget section */
		BDB3294E2A67115400B10CF7 /* start page */ = {
			isa = PBXNativeTarget;
			buildConfigurationList = BDB3295D2A67115500B10CF7 /* Build configuration list for PBXNativeTarget "start page" */;
			buildPhases = (
				BDB3294B2A67115400B10CF7 /* Sources */,
				BDB3294C2A67115400B10CF7 /* Frameworks */,
				BDB3294D2A67115400B10CF7 /* Resources */,
			);
			buildRules = (
			);
			dependencies = (
			);
			name = "start page";
			productName = "start page";
			productReference = BDB3294F2A67115400B10CF7 /* start page.app */;
			productType = "com.apple.product-type.application";
		};
/* End PBXNativeTarget section */

/* Begin PBXProject section */
		BDB329472A67115300B10CF7 /* Project object */ = {
			isa = PBXProject;
			attributes = {
				BuildIndependentTargetsInParallel = 1;
				LastSwiftUpdateCheck = 1430;
				LastUpgradeCheck = 1430;
				TargetAttributes = {
					BDB3294E2A67115400B10CF7 = {
						CreatedOnToolsVersion = 14.3.1;
					};
				};
			};
			buildConfigurationList = BDB3294A2A67115300B10CF7 /* Build configuration list for PBXProject "start page" */;
			compatibilityVersion = "Xcode 14.0";
			developmentRegion = en;
			hasScannedForEncodings = 0;
			knownRegions = (
				en,
				Base,
			);
			mainGroup = BDB329462A67115300B10CF7;
			productRefGroup = BDB329502A67115400B10CF7 /* Products */;
			projectDirPath = "";
			projectRoot = "";
			targets = (
				BDB3294E2A67115400B10CF7 /* start page */,
			);
		};
/* End PBXProject section */

/* Begin PBXResourcesBuildPhase section */
		BDB3294D2A67115400B10CF7 /* Resources */ = {
			isa = PBXResourcesBuildPhase;
			buildActionMask = 2147483647;
			files = (
				BD5885D42A6AF2E0006EDC5B /* Chewy-Regular.ttf in Resources */,
				BDB3295A2A67115500B10CF7 /* Preview Assets.xcassets in Resources */,
				BDB329572A67115500B10CF7 /* Assets.xcassets in Resources */,
			);
			runOnlyForDeploymentPostprocessing = 0;
		};
/* End PBXResourcesBuildPhase section */

/* Begin PBXSourcesBuildPhase section */
		BDB3294B2A67115400B10CF7 /* Sources */ = {
			isa = PBXSourcesBuildPhase;
			buildActionMask = 2147483647;
			files = (
				BD020F332A6728F200B29897 /* ThirdView.swift in Sources */,
				BD020F312A67274200B29897 /* SecondView.swift in Sources */,
				BDC75E442A69B7AA009A461F /* beaches.swift in Sources */,
				BDB329552A67115400B10CF7 /* ContentView.swift in Sources */,
				BDC75E482A69B7DF009A461F /* picnics.swift in Sources */,
				BDF71E8F2A69CE0500767B7D /* parks.swift in Sources */,
				BDC75E4A2A69B7EF009A461F /* volunteering.swift in Sources */,
				BDB329532A67115400B10CF7 /* start_pageApp.swift in Sources */,
				BD020F372A672BF700B29897 /* FifthView.swift in Sources */,
				BD020F352A67299600B29897 /* FourthView.swift in Sources */,
			);
			runOnlyForDeploymentPostprocessing = 0;
		};
/* End PBXSourcesBuildPhase section */

/* Begin XCBuildConfiguration section */
		BDB3295B2A67115500B10CF7 /* Debug */ = {
			isa = XCBuildConfiguration;
			buildSettings = {
				ALWAYS_SEARCH_USER_PATHS = NO;
				CLANG_ANALYZER_NONNULL = YES;
				CLANG_ANALYZER_NUMBER_OBJECT_CONVERSION = YES_AGGRESSIVE;
				CLANG_CXX_LANGUAGE_STANDARD = "gnu++20";
				CLANG_ENABLE_MODULES = YES;
				CLANG_ENABLE_OBJC_ARC = YES;
				CLANG_ENABLE_OBJC_WEAK = YES;
				CLANG_WARN_BLOCK_CAPTURE_AUTORELEASING = YES;
				CLANG_WARN_BOOL_CONVERSION = YES;
				CLANG_WARN_COMMA = YES;
				CLANG_WARN_CONSTANT_CONVERSION = YES;
				CLANG_WARN_DEPRECATED_OBJC_IMPLEMENTATIONS = YES;
				CLANG_WARN_DIRECT_OBJC_ISA_USAGE = YES_ERROR;
				CLANG_WARN_DOCUMENTATION_COMMENTS = YES;
				CLANG_WARN_EMPTY_BODY = YES;
				CLANG_WARN_ENUM_CONVERSION = YES;
				CLANG_WARN_INFINITE_RECURSION = YES;
				CLANG_WARN_INT_CONVERSION = YES;
				CLANG_WARN_NON_LITERAL_NULL_CONVERSION = YES;
				CLANG_WARN_OBJC_IMPLICIT_RETAIN_SELF = YES;
				CLANG_WARN_OBJC_LITERAL_CONVERSION = YES;
				CLANG_WARN_OBJC_ROOT_CLASS = YES_ERROR;
				CLANG_WARN_QUOTED_INCLUDE_IN_FRAMEWORK_HEADER = YES;
				CLANG_WARN_RANGE_LOOP_ANALYSIS = YES;
				CLANG_WARN_STRICT_PROTOTYPES = YES;
				CLANG_WARN_SUSPICIOUS_MOVE = YES;
				CLANG_WARN_UNGUARDED_AVAILABILITY = YES_AGGRESSIVE;
				CLANG_WARN_UNREACHABLE_CODE = YES;
				CLANG_WARN__DUPLICATE_METHOD_MATCH = YES;
				COPY_PHASE_STRIP = NO;
				DEBUG_INFORMATION_FORMAT = dwarf;
				ENABLE_STRICT_OBJC_MSGSEND = YES;
				ENABLE_TESTABILITY = YES;
				GCC_C_LANGUAGE_STANDARD = gnu11;
				GCC_DYNAMIC_NO_PIC = NO;
				GCC_NO_COMMON_BLOCKS = YES;
				GCC_OPTIMIZATION_LEVEL = 0;
				GCC_PREPROCESSOR_DEFINITIONS = (
					"DEBUG=1",
					"$(inherited)",
				);
				GCC_WARN_64_TO_32_BIT_CONVERSION = YES;
				GCC_WARN_ABOUT_RETURN_TYPE = YES_ERROR;
				GCC_WARN_UNDECLARED_SELECTOR = YES;
				GCC_WARN_UNINITIALIZED_AUTOS = YES_AGGRESSIVE;
				GCC_WARN_UNUSED_FUNCTION = YES;
				GCC_WARN_UNUSED_VARIABLE = YES;
				IPHONEOS_DEPLOYMENT_TARGET = 16.4;
				MTL_ENABLE_DEBUG_INFO = INCLUDE_SOURCE;
				MTL_FAST_MATH = YES;
				ONLY_ACTIVE_ARCH = YES;
				SDKROOT = iphoneos;
				SWIFT_ACTIVE_COMPILATION_CONDITIONS = DEBUG;
				SWIFT_OPTIMIZATION_LEVEL = "-Onone";
			};
			name = Debug;
		};
		BDB3295C2A67115500B10CF7 /* Release */ = {
			isa = XCBuildConfiguration;
			buildSettings = {
				ALWAYS_SEARCH_USER_PATHS = NO;
				CLANG_ANALYZER_NONNULL = YES;
				CLANG_ANALYZER_NUMBER_OBJECT_CONVERSION = YES_AGGRESSIVE;
				CLANG_CXX_LANGUAGE_STANDARD = "gnu++20";
				CLANG_ENABLE_MODULES = YES;
				CLANG_ENABLE_OBJC_ARC = YES;
				CLANG_ENABLE_OBJC_WEAK = YES;
				CLANG_WARN_BLOCK_CAPTURE_AUTORELEASING = YES;
				CLANG_WARN_BOOL_CONVERSION = YES;
				CLANG_WARN_COMMA = YES;
				CLANG_WARN_CONSTANT_CONVERSION = YES;
				CLANG_WARN_DEPRECATED_OBJC_IMPLEMENTATIONS = YES;
				CLANG_WARN_DIRECT_OBJC_ISA_USAGE = YES_ERROR;
				CLANG_WARN_DOCUMENTATION_COMMENTS = YES;
				CLANG_WARN_EMPTY_BODY = YES;
				CLANG_WARN_ENUM_CONVERSION = YES;
				CLANG_WARN_INFINITE_RECURSION = YES;
				CLANG_WARN_INT_CONVERSION = YES;
				CLANG_WARN_NON_LITERAL_NULL_CONVERSION = YES;
				CLANG_WARN_OBJC_IMPLICIT_RETAIN_SELF = YES;
				CLANG_WARN_OBJC_LITERAL_CONVERSION = YES;
				CLANG_WARN_OBJC_ROOT_CLASS = YES_ERROR;
				CLANG_WARN_QUOTED_INCLUDE_IN_FRAMEWORK_HEADER = YES;
				CLANG_WARN_RANGE_LOOP_ANALYSIS = YES;
				CLANG_WARN_STRICT_PROTOTYPES = YES;
				CLANG_WARN_SUSPICIOUS_MOVE = YES;
				CLANG_WARN_UNGUARDED_AVAILABILITY = YES_AGGRESSIVE;
				CLANG_WARN_UNREACHABLE_CODE = YES;
				CLANG_WARN__DUPLICATE_METHOD_MATCH = YES;
				COPY_PHASE_STRIP = NO;
				DEBUG_INFORMATION_FORMAT = "dwarf-with-dsym";
				ENABLE_NS_ASSERTIONS = NO;
				ENABLE_STRICT_OBJC_MSGSEND = YES;
				GCC_C_LANGUAGE_STANDARD = gnu11;
				GCC_NO_COMMON_BLOCKS = YES;
				GCC_WARN_64_TO_32_BIT_CONVERSION = YES;
				GCC_WARN_ABOUT_RETURN_TYPE = YES_ERROR;
				GCC_WARN_UNDECLARED_SELECTOR = YES;
				GCC_WARN_UNINITIALIZED_AUTOS = YES_AGGRESSIVE;
				GCC_WARN_UNUSED_FUNCTION = YES;
				GCC_WARN_UNUSED_VARIABLE = YES;
				IPHONEOS_DEPLOYMENT_TARGET = 16.4;
				MTL_ENABLE_DEBUG_INFO = NO;
				MTL_FAST_MATH = YES;
				SDKROOT = iphoneos;
				SWIFT_COMPILATION_MODE = wholemodule;
				SWIFT_OPTIMIZATION_LEVEL = "-O";
				VALIDATE_PRODUCT = YES;
			};
			name = Release;
		};
		BDB3295E2A67115500B10CF7 /* Debug */ = {
			isa = XCBuildConfiguration;
			buildSettings = {
				ASSETCATALOG_COMPILER_APPICON_NAME = AppIcon;
				ASSETCATALOG_COMPILER_GLOBAL_ACCENT_COLOR_NAME = AccentColor;
				CODE_SIGN_STYLE = Automatic;
				CURRENT_PROJECT_VERSION = 1;
				DEVELOPMENT_ASSET_PATHS = "\"start page/Preview Content\"";
				ENABLE_PREVIEWS = YES;
				GENERATE_INFOPLIST_FILE = YES;
				INFOPLIST_FILE = "start-page-Info.plist";
				INFOPLIST_KEY_UIApplicationSceneManifest_Generation = YES;
				INFOPLIST_KEY_UIApplicationSupportsIndirectInputEvents = YES;
				INFOPLIST_KEY_UILaunchScreen_Generation = YES;
				INFOPLIST_KEY_UISupportedInterfaceOrientations_iPad = "UIInterfaceOrientationPortrait UIInterfaceOrientationPortraitUpsideDown UIInterfaceOrientationLandscapeLeft UIInterfaceOrientationLandscapeRight";
				INFOPLIST_KEY_UISupportedInterfaceOrientations_iPhone = "UIInterfaceOrientationPortrait UIInterfaceOrientationLandscapeLeft UIInterfaceOrientationLandscapeRight";
				LD_RUNPATH_SEARCH_PATHS = (
					"$(inherited)",
					"@executable_path/Frameworks",
				);
				MARKETING_VERSION = 1.0;
				PRODUCT_BUNDLE_IDENTIFIER = "kwk.start-page";
				PRODUCT_NAME = "$(TARGET_NAME)";
				SWIFT_EMIT_LOC_STRINGS = YES;
				SWIFT_VERSION = 5.0;
				TARGETED_DEVICE_FAMILY = "1,2";
			};
			name = Debug;
		};
		BDB3295F2A67115500B10CF7 /* Release */ = {
			isa = XCBuildConfiguration;
			buildSettings = {
				ASSETCATALOG_COMPILER_APPICON_NAME = AppIcon;
				ASSETCATALOG_COMPILER_GLOBAL_ACCENT_COLOR_NAME = AccentColor;
				CODE_SIGN_STYLE = Automatic;
				CURRENT_PROJECT_VERSION = 1;
				DEVELOPMENT_ASSET_PATHS = "\"start page/Preview Content\"";
				ENABLE_PREVIEWS = YES;
				GENERATE_INFOPLIST_FILE = YES;
				INFOPLIST_FILE = "start-page-Info.plist";
				INFOPLIST_KEY_UIApplicationSceneManifest_Generation = YES;
				INFOPLIST_KEY_UIApplicationSupportsIndirectInputEvents = YES;
				INFOPLIST_KEY_UILaunchScreen_Generation = YES;
				INFOPLIST_KEY_UISupportedInterfaceOrientations_iPad = "UIInterfaceOrientationPortrait UIInterfaceOrientationPortraitUpsideDown UIInterfaceOrientationLandscapeLeft UIInterfaceOrientationLandscapeRight";
				INFOPLIST_KEY_UISupportedInterfaceOrientations_iPhone = "UIInterfaceOrientationPortrait UIInterfaceOrientationLandscapeLeft UIInterfaceOrientationLandscapeRight";
				LD_RUNPATH_SEARCH_PATHS = (
					"$(inherited)",
					"@executable_path/Frameworks",
				);
				MARKETING_VERSION = 1.0;
				PRODUCT_BUNDLE_IDENTIFIER = "kwk.start-page";
				PRODUCT_NAME = "$(TARGET_NAME)";
				SWIFT_EMIT_LOC_STRINGS = YES;
				SWIFT_VERSION = 5.0;
				TARGETED_DEVICE_FAMILY = "1,2";
			};
			name = Release;
		};
/* End XCBuildConfiguration section */

/* Begin XCConfigurationList section */
		BDB3294A2A67115300B10CF7 /* Build configuration list for PBXProject "start page" */ = {
			isa = XCConfigurationList;
			buildConfigurations = (
				BDB3295B2A67115500B10CF7 /* Debug */,
				BDB3295C2A67115500B10CF7 /* Release */,
			);
			defaultConfigurationIsVisible = 0;
			defaultConfigurationName = Release;
		};
		BDB3295D2A67115500B10CF7 /* Build configuration list for PBXNativeTarget "start page" */ = {
			isa = XCConfigurationList;
			buildConfigurations = (
				BDB3295E2A67115500B10CF7 /* Debug */,
				BDB3295F2A67115500B10CF7 /* Release */,
			);
			defaultConfigurationIsVisible = 0;
			defaultConfigurationName = Release;
		};
/* End XCConfigurationList section */
	};
	rootObject = BDB329472A67115300B10CF7 /* Project object */;
}
